PODS:
  - Alamofire (4.8.2)
  - NVActivityIndicatorView (4.7.0):
    - NVActivityIndicatorView/Presenter (= 4.7.0)
  - NVActivityIndicatorView/Presenter (4.7.0)
  - SkyFloatingLabelTextField (3.7.0)
  - SwiftyJSON (5.0.0)

DEPENDENCIES:
  - Alamofire
  - NVActivityIndicatorView
  - SkyFloatingLabelTextField (~> 3.0)
  - SwiftyJSON

SPEC REPOS:
  https://github.com/cocoapods/specs.git:
    - Alamofire
    - NVActivityIndicatorView
    - SkyFloatingLabelTextField
    - SwiftyJSON

SPEC CHECKSUMS:
  Alamofire: ae5c501addb7afdbb13687d7f2f722c78734c2d3
  NVActivityIndicatorView: b19ddab2576f805cbe0fb2306cba3476e09a1dea
  SkyFloatingLabelTextField: 4b46db0ab1ccde0919cded29c656e6b4805eda04
  SwiftyJSON: 36413e04c44ee145039d332b4f4e2d3e8d6c4db7

PODFILE CHECKSUM: 446fefe4a94e7e29cabe0d4c381bba408db408b9

COCOAPODS: 1.7.3
